
Microsoft Visual Studio Solution File, Format Version 12.00
# Visual Studio Version 17
VisualStudioVersion = 17.14.37012.4 d17.14
MinimumVisualStudioVersion = 10.0.40219.1
Project("{FAE04EC0-301F-11D3-BF4B-00C04F79EFBC}") = "OnlyWorks", "OnlyWorks\OnlyWorks.csproj", "{B62BDC72-EE03-4C0A-A027-5478C7F36D83}"
EndProject
Global
	GlobalSection(SolutionConfigurationPlatforms) = preSolution
		Debug|Any CPU = Debug|Any CPU
		Release|Any CPU = Release|Any CPU
	EndGlobalSection
	GlobalSection(ProjectConfigurationPlatforms) = postSolution
		{B62BDC72-EE03-4C0A-A027-5478C7F36D83}.Debug|Any CPU.ActiveCfg = Debug|Any CPU
		{B62BDC72-EE03-4C0A-A027-5478C7F36D83}.Debug|Any CPU.Build.0 = Debug|Any CPU
		{B62BDC72-EE03-4C0A-A027-5478C7F36D83}.Release|Any CPU.ActiveCfg = Release|Any CPU
		{B62BDC72-EE03-4C0A-A027-5478C7F36D83}.Release|Any CPU.Build.0 = Release|Any CPU
	EndGlobalSection
	GlobalSection(SolutionProperties) = preSolution
		HideSolutionNode = FALSE
	EndGlobalSection
	GlobalSection(ExtensibilityGlobals) = postSolution
		SolutionGuid = {D6288002-F715-48A6-A5E3-D33DCA4CAA5C}
	EndGlobalSection
EndGlobal
